
Microsoft Visual Studio Solution File, Format Version 11.00
# Visual Studio 2010
Project("{FAE04EC0-301F-11D3-BF4B-00C04F79EFBC}") = "50bcbd93592e44dfa82b79a0e1752fb7", "Assembly-CSharp.csproj", "{05F27A07-E496-8A51-F850-4E91125B6332}"
EndProject
Project("{FAE04EC0-301F-11D3-BF4B-00C04F79EFBC}") = "50bcbd93592e44dfa82b79a0e1752fb7", "Assembly-CSharp-Editor.csproj", "{FA7FE951-9175-1AF3-744A-3E5C0A1C7A09}"
EndProject
Global
	GlobalSection(SolutionConfigurationPlatforms) = preSolution
		Debug|Any CPU = Debug|Any CPU
		Release|Any CPU = Release|Any CPU
	EndGlobalSection
	GlobalSection(ProjectConfigurationPlatforms) = postSolution
		{05F27A07-E496-8A51-F850-4E91125B6332}.Debug|Any CPU.ActiveCfg = Debug|Any CPU
		{05F27A07-E496-8A51-F850-4E91125B6332}.Debug|Any CPU.Build.0 = Debug|Any CPU
		{05F27A07-E496-8A51-F850-4E91125B6332}.Release|Any CPU.ActiveCfg = Release|Any CPU
		{05F27A07-E496-8A51-F850-4E91125B6332}.Release|Any CPU.Build.0 = Release|Any CPU
		{FA7FE951-9175-1AF3-744A-3E5C0A1C7A09}.Debug|Any CPU.ActiveCfg = Debug|Any CPU
		{FA7FE951-9175-1AF3-744A-3E5C0A1C7A09}.Debug|Any CPU.Build.0 = Debug|Any CPU
		{FA7FE951-9175-1AF3-744A-3E5C0A1C7A09}.Release|Any CPU.ActiveCfg = Release|Any CPU
		{FA7FE951-9175-1AF3-744A-3E5C0A1C7A09}.Release|Any CPU.Build.0 = Release|Any CPU
	EndGlobalSection
	GlobalSection(SolutionProperties) = preSolution
		HideSolutionNode = FALSE
	EndGlobalSection
	GlobalSection(MonoDevelopProperties) = preSolution
		StartupItem = Assembly-CSharp.csproj
	EndGlobalSection
EndGlobal
